{
  "name": "@clawdbot/sahr-chat-parser",
  "version": "1.0.0",
  "lockfileVersion": 3,
  "requires": true,
  "packages": {
    "": {
      "name": "@clawdbot/sahr-chat-parser",
      "version": "1.0.0",
      "license": "MIT",
      "dependencies": {
        "@sinclair/typebox": "0.34.47"
      }
    },
    "node_modules/@sinclair/typebox": {
      "version": "0.34.47",
      "resolved": "https://registry.npmjs.org/@sinclair/typebox/-/typebox-0.34.47.tgz",
      "integrity": "sha512-ZGIBQ+XDvO5JQku9wmwtabcVTHJsgSWAHYtVuM9pBNNR5E88v6Jcj/llpmsjivig5X8A8HHOb4/mbEKPS5EvAw==",
      "license": "MIT"
    }
  }
}
